
Microsoft Visual Studio Solution File, Format Version 12.00
# Visual Studio Version 17
VisualStudioVersion = 17.8.34330.188
MinimumVisualStudioVersion = 10.0.40219.1
Project("{8BC9CEB8-8B4A-11D0-8D11-00A0C91BC942}") = "debruijn-sequence-parser", "debruijn-sequence-parser.vcxproj", "{030723D6-48B7-44EB-ABFC-6709BCA313FE}"
EndProject
Global
	GlobalSection(SolutionConfigurationPlatforms) = preSolution
		Debug|x64 = Debug|x64
		Release|x64 = Release|x64
	EndGlobalSection
	GlobalSection(ProjectConfigurationPlatforms) = postSolution
		{030723D6-48B7-44EB-ABFC-6709BCA313FE}.Debug|x64.ActiveCfg = Debug|x64
		{030723D6-48B7-44EB-ABFC-6709BCA313FE}.Debug|x64.Build.0 = Debug|x64
		{030723D6-48B7-44EB-ABFC-6709BCA313FE}.Release|x64.ActiveCfg = Release|x64
		{030723D6-48B7-44EB-ABFC-6709BCA313FE}.Release|x64.Build.0 = Release|x64
	EndGlobalSection
	GlobalSection(SolutionProperties) = preSolution
		HideSolutionNode = FALSE
	EndGlobalSection
	GlobalSection(ExtensibilityGlobals) = postSolution
		SolutionGuid = {70B5855D-DC20-430C-A51B-E0E984EFE01C}
	EndGlobalSection
EndGlobal
